# THIS IS AN AUTOGENERATED FILE. DO NOT EDIT THIS FILE DIRECTLY.
# yarn lockfile v1


"@rails/actioncable@>= 6.0":
  version "7.1.3"
  resolved "https://registry.yarnpkg.com/@rails/actioncable/-/actioncable-7.1.3.tgz#4db480347775aeecd4dde2405659eef74a458881"
  integrity sha512-ojNvnoZtPN0pYvVFtlO7dyEN9Oml1B6IDM+whGKVak69MMYW99lC2NOWXWeE3bmwEydbP/nn6ERcpfjHVjYQjA==

cable_ready@^4.5.0:
  version "4.5.0"
  resolved "https://registry.yarnpkg.com/cable_ready/-/cable_ready-4.5.0.tgz#1207218dd16934d12addfbd34c26ead853570672"
  integrity sha512-9bom1DuYe1teBdRckgKWjg+rWRLWrkOvkhzlXkhb33X+Pfu/QK9e4vGk6hGK9PVKVr0SYZC41dByFGknW4spLg==
  dependencies:
    morphdom "^2.6.1"

morphdom@^2.6.1:
  version "2.7.3"
  resolved "https://registry.yarnpkg.com/morphdom/-/morphdom-2.7.3.tgz#84fa945cd057d313ca52124072c80be32dde9845"
  integrity sha512-rvGK92GxSuPEZLY8D/JH07cG3BxyA+/F0Bxg32OoGAEFFhGWA3OqVpqPZlOgZTCR52clXrmz+z2pYSJ6gOig1w==

stimulus_reflex@3.4.2:
  version "3.4.2"
  resolved "https://registry.yarnpkg.com/stimulus_reflex/-/stimulus_reflex-3.4.2.tgz#a211dff390ae3db2cc7190aaaa543996a7614f71"
  integrity sha512-7fpT3Z6xdhypJAT2RVjQ9QbgrTRUMfIWFP+46jnpNOUpyza+6Qkkb5M5IywcZe+OcSYCpXOUi5UsOCR9dJUc3g==
  dependencies:
    "@rails/actioncable" ">= 6.0"
    cable_ready "^4.5.0"
